
Microsoft Visual Studio Solution File, Format Version 12.00
# Visual Studio Version 17
VisualStudioVersion = 17.1.32421.90
MinimumVisualStudioVersion = 10.0.40219.1
Project("{FAE04EC0-301F-11D3-BF4B-00C04F79EFBC}") = "EnvironmentProcessor", "EnvironmentProcessor\EnvironmentProcessor.csproj", "{D1D99048-EBFE-42F5-BC3A-FBCC2EE62B6C}"
EndProject
Project("{FAE04EC0-301F-11D3-BF4B-00C04F79EFBC}") = "handout-miner-skills", "handout-miner-skills\handout-miner-skills.csproj", "{6595D28A-9FEF-427A-9F65-2556234D63C6}"
EndProject
Global
	GlobalSection(SolutionConfigurationPlatforms) = preSolution
		Debug|Any CPU = Debug|Any CPU
		Release|Any CPU = Release|Any CPU
	EndGlobalSection
	GlobalSection(ProjectConfigurationPlatforms) = postSolution
		{D1D99048-EBFE-42F5-BC3A-FBCC2EE62B6C}.Debug|Any CPU.ActiveCfg = Debug|Any CPU
		{D1D99048-EBFE-42F5-BC3A-FBCC2EE62B6C}.Debug|Any CPU.Build.0 = Debug|Any CPU
		{D1D99048-EBFE-42F5-BC3A-FBCC2EE62B6C}.Release|Any CPU.ActiveCfg = Release|Any CPU
		{D1D99048-EBFE-42F5-BC3A-FBCC2EE62B6C}.Release|Any CPU.Build.0 = Release|Any CPU
		{6595D28A-9FEF-427A-9F65-2556234D63C6}.Debug|Any CPU.ActiveCfg = Debug|Any CPU
		{6595D28A-9FEF-427A-9F65-2556234D63C6}.Debug|Any CPU.Build.0 = Debug|Any CPU
		{6595D28A-9FEF-427A-9F65-2556234D63C6}.Release|Any CPU.ActiveCfg = Release|Any CPU
		{6595D28A-9FEF-427A-9F65-2556234D63C6}.Release|Any CPU.Build.0 = Release|Any CPU
	EndGlobalSection
	GlobalSection(SolutionProperties) = preSolution
		HideSolutionNode = FALSE
	EndGlobalSection
	GlobalSection(ExtensibilityGlobals) = postSolution
		SolutionGuid = {6E5BA42F-DC9E-4CD6-84E8-5F38A9660B44}
	EndGlobalSection
EndGlobal
